// !$*UTF8*$!
{
	archiveVersion = 1;
	classes = {
	};
	objectVersion = 50;
	objects = {

/* Begin PBXBuildFile section */
		C8A7048925CEE0F500A7C99E /* AppDelegate.swift in Sources */ = {isa = PBXBuildFile; fileRef = C8A7048825CEE0F500A7C99E /* AppDelegate.swift */; };
		C8A7048B25CEE0F500A7C99E /* SceneDelegate.swift in Sources */ = {isa = PBXBuildFile; fileRef = C8A7048A25CEE0F500A7C99E /* SceneDelegate.swift */; };
		C8A7048D25CEE0F500A7C99E /* MovieFeedVC.swift in Sources */ = {isa = PBXBuildFile; fileRef = C8A7048C25CEE0F500A7C99E /* MovieFeedVC.swift */; };
		C8A7049225CEE0F600A7C99E /* Assets.xcassets in Resources */ = {isa = PBXBuildFile; fileRef = C8A7049125CEE0F600A7C99E /* Assets.xcassets */; };
		C8A7049525CEE0F600A7C99E /* LaunchScreen.storyboard in Resources */ = {isa = PBXBuildFile; fileRef = C8A7049325CEE0F600A7C99E /* LaunchScreen.storyboard */; };
		C8A704C125CFD35B00A7C99E /* Extensions.swift in Sources */ = {isa = PBXBuildFile; fileRef = C8A704C025CFD35B00A7C99E /* Extensions.swift */; };
		C8A704C625CFD6A100A7C99E /* SinemaAppManager.swift in Sources */ = {isa = PBXBuildFile; fileRef = C8A704C525CFD6A100A7C99E /* SinemaAppManager.swift */; };
		C8A704C925CFD9DA00A7C99E /* MainNavigationController.swift in Sources */ = {isa = PBXBuildFile; fileRef = C8A704C825CFD9DA00A7C99E /* MainNavigationController.swift */; };
		C8A704CC25CFDD3700A7C99E /* BaseVC.swift in Sources */ = {isa = PBXBuildFile; fileRef = C8A704CB25CFDD3700A7C99E /* BaseVC.swift */; };
		C8A704D125CFF97600A7C99E /* MoviesCVCell.xib in Resources */ = {isa = PBXBuildFile; fileRef = C8A704D025CFF97600A7C99E /* MoviesCVCell.xib */; };
		C8A704D825CFF9AC00A7C99E /* MoviesCVCell.swift in Sources */ = {isa = PBXBuildFile; fileRef = C8A704D725CFF9AC00A7C99E /* MoviesCVCell.swift */; };
		C8A704E125D0023400A7C99E /* RemoteDataManager.swift in Sources */ = {isa = PBXBuildFile; fileRef = C8A704E025D0023400A7C99E /* RemoteDataManager.swift */; };
		C8A704E525D00A7300A7C99E /* Movie.swift in Sources */ = {isa = PBXBuildFile; fileRef = C8A704E425D00A7300A7C99E /* Movie.swift */; };
		C8A704E825D03ABF00A7C99E /* MovieTypes.swift in Sources */ = {isa = PBXBuildFile; fileRef = C8A704E725D03ABF00A7C99E /* MovieTypes.swift */; };
		C8F5372825D2A03D00677D40 /* MainTabBarController.swift in Sources */ = {isa = PBXBuildFile; fileRef = C8F5372725D2A03D00677D40 /* MainTabBarController.swift */; };
		C8F5372B25D2A55C00677D40 /* SearchVC.swift in Sources */ = {isa = PBXBuildFile; fileRef = C8F5372A25D2A55C00677D40 /* SearchVC.swift */; };
		C8F5373025D2B4B500677D40 /* SearchCollectionViewCell.xib in Resources */ = {isa = PBXBuildFile; fileRef = C8F5372F25D2B4B500677D40 /* SearchCollectionViewCell.xib */; };
		C8F5373725D2B4E300677D40 /* SearchCollectionViewCell.swift in Sources */ = {isa = PBXBuildFile; fileRef = C8F5373625D2B4E300677D40 /* SearchCollectionViewCell.swift */; };
		C8F5373E25D2D30D00677D40 /* MovieDetailVC.swift in Sources */ = {isa = PBXBuildFile; fileRef = C8F5373D25D2D30D00677D40 /* MovieDetailVC.swift */; };
		C8F5374225D2D69800677D40 /* Main.storyboard in Resources */ = {isa = PBXBuildFile; fileRef = C8F5374125D2D69800677D40 /* Main.storyboard */; };
		C8F5374625D2EDF000677D40 /* MovieDetailCVHeaderCell.xib in Resources */ = {isa = PBXBuildFile; fileRef = C8F5374525D2EDF000677D40 /* MovieDetailCVHeaderCell.xib */; };
		C8F5374925D2EE0500677D40 /* MovieDetailCVHeaderCell.swift in Sources */ = {isa = PBXBuildFile; fileRef = C8F5374825D2EE0500677D40 /* MovieDetailCVHeaderCell.swift */; };
		C8F5374C25D2EE1600677D40 /* MovieDetailContentCell.xib in Resources */ = {isa = PBXBuildFile; fileRef = C8F5374B25D2EE1600677D40 /* MovieDetailContentCell.xib */; };
		C8F5374F25D2EE2800677D40 /* MovieDetailContentCell.swift in Sources */ = {isa = PBXBuildFile; fileRef = C8F5374E25D2EE2800677D40 /* MovieDetailContentCell.swift */; };
		C8F5375325D38C2500677D40 /* MovieDetail.swift in Sources */ = {isa = PBXBuildFile; fileRef = C8F5375225D38C2500677D40 /* MovieDetail.swift */; };
		C8F5375725D39D1600677D40 /* MovieDetailOverviewCell.xib in Resources */ = {isa = PBXBuildFile; fileRef = C8F5375625D39D1600677D40 /* MovieDetailOverviewCell.xib */; };
		C8F5375A25D39D2600677D40 /* MovieDetailOverviewCell.swift in Sources */ = {isa = PBXBuildFile; fileRef = C8F5375925D39D2600677D40 /* MovieDetailOverviewCell.swift */; };
/* End PBXBuildFile section */

/* Begin PBXFileReference section */
		C8A7048525CEE0F500A7C99E /* Sinema.app */ = {isa = PBXFileReference; explicitFileType = wrapper.application; includeInIndex = 0; path = Sinema.app; sourceTree = BUILT_PRODUCTS_DIR; };
		C8A7048825CEE0F500A7C99E /* AppDelegate.swift */ = {isa = PBXFileReference; lastKnownFileType = sourcecode.swift; path = AppDelegate.swift; sourceTree = "<group>"; };
		C8A7048A25CEE0F500A7C99E /* SceneDelegate.swift */ = {isa = PBXFileReference; lastKnownFileType = sourcecode.swift; path = SceneDelegate.swift; sourceTree = "<group>"; };
		C8A7048C25CEE0F500A7C99E /* MovieFeedVC.swift */ = {isa = PBXFileReference; lastKnownFileType = sourcecode.swift; path = MovieFeedVC.swift; sourceTree = "<group>"; };
		C8A7049125CEE0F600A7C99E /* Assets.xcassets */ = {isa = PBXFileReference; lastKnownFileType = folder.assetcatalog; path = Assets.xcassets; sourceTree = "<group>"; };
		C8A7049425CEE0F600A7C99E /* Base */ = {isa = PBXFileReference; lastKnownFileType = file.storyboard; name = Base; path = Base.lproj/LaunchScreen.storyboard; sourceTree = "<group>"; };
		C8A7049625CEE0F600A7C99E /* Info.plist */ = {isa = PBXFileReference; lastKnownFileType = text.plist.xml; path = Info.plist; sourceTree = "<group>"; };
		C8A704C025CFD35B00A7C99E /* Extensions.swift */ = {isa = PBXFileReference; lastKnownFileType = sourcecode.swift; path = Extensions.swift; sourceTree = "<group>"; };
		C8A704C525CFD6A100A7C99E /* SinemaAppManager.swift */ = {isa = PBXFileReference; lastKnownFileType = sourcecode.swift; path = SinemaAppManager.swift; sourceTree = "<group>"; };
		C8A704C825CFD9DA00A7C99E /* MainNavigationController.swift */ = {isa = PBXFileReference; lastKnownFileType = sourcecode.swift; path = MainNavigationController.swift; sourceTree = "<group>"; };
		C8A704CB25CFDD3700A7C99E /* BaseVC.swift */ = {isa = PBXFileReference; lastKnownFileType = sourcecode.swift; path = BaseVC.swift; sourceTree = "<group>"; };
		C8A704D025CFF97600A7C99E /* MoviesCVCell.xib */ = {isa = PBXFileReference; lastKnownFileType = file.xib; path = MoviesCVCell.xib; sourceTree = "<group>"; };
		C8A704D725CFF9AC00A7C99E /* MoviesCVCell.swift */ = {isa = PBXFileReference; lastKnownFileType = sourcecode.swift; path = MoviesCVCell.swift; sourceTree = "<group>"; };
		C8A704E025D0023400A7C99E /* RemoteDataManager.swift */ = {isa = PBXFileReference; lastKnownFileType = sourcecode.swift; path = RemoteDataManager.swift; sourceTree = "<group>"; };
		C8A704E425D00A7300A7C99E /* Movie.swift */ = {isa = PBXFileReference; lastKnownFileType = sourcecode.swift; path = Movie.swift; sourceTree = "<group>"; };
		C8A704E725D03ABF00A7C99E /* MovieTypes.swift */ = {isa = PBXFileReference; lastKnownFileType = sourcecode.swift; path = MovieTypes.swift; sourceTree = "<group>"; };
		C8F5372725D2A03D00677D40 /* MainTabBarController.swift */ = {isa = PBXFileReference; lastKnownFileType = sourcecode.swift; path = MainTabBarController.swift; sourceTree = "<group>"; };
		C8F5372A25D2A55C00677D40 /* SearchVC.swift */ = {isa = PBXFileReference; lastKnownFileType = sourcecode.swift; path = SearchVC.swift; sourceTree = "<group>"; };
		C8F5372F25D2B4B500677D40 /* SearchCollectionViewCell.xib */ = {isa = PBXFileReference; lastKnownFileType = file.xib; path = SearchCollectionViewCell.xib; sourceTree = "<group>"; };
		C8F5373625D2B4E300677D40 /* SearchCollectionViewCell.swift */ = {isa = PBXFileReference; lastKnownFileType = sourcecode.swift; path = SearchCollectionViewCell.swift; sourceTree = "<group>"; };
		C8F5373D25D2D30D00677D40 /* MovieDetailVC.swift */ = {isa = PBXFileReference; lastKnownFileType = sourcecode.swift; path = MovieDetailVC.swift; sourceTree = "<group>"; };
		C8F5374125D2D69800677D40 /* Main.storyboard */ = {isa = PBXFileReference; fileEncoding = 4; lastKnownFileType = file.storyboard; path = Main.storyboard; sourceTree = "<group>"; };
		C8F5374525D2EDF000677D40 /* MovieDetailCVHeaderCell.xib */ = {isa = PBXFileReference; lastKnownFileType = file.xib; path = MovieDetailCVHeaderCell.xib; sourceTree = "<group>"; };
		C8F5374825D2EE0500677D40 /* MovieDetailCVHeaderCell.swift */ = {isa = PBXFileReference; lastKnownFileType = sourcecode.swift; path = MovieDetailCVHeaderCell.swift; sourceTree = "<group>"; };
		C8F5374B25D2EE1600677D40 /* MovieDetailContentCell.xib */ = {isa = PBXFileReference; lastKnownFileType = file.xib; path = MovieDetailContentCell.xib; sourceTree = "<group>"; };
		C8F5374E25D2EE2800677D40 /* MovieDetailContentCell.swift */ = {isa = PBXFileReference; lastKnownFileType = sourcecode.swift; path = MovieDetailContentCell.swift; sourceTree = "<group>"; };
		C8F5375225D38C2500677D40 /* MovieDetail.swift */ = {isa = PBXFileReference; lastKnownFileType = sourcecode.swift; path = MovieDetail.swift; sourceTree = "<group>"; };
		C8F5375625D39D1600677D40 /* MovieDetailOverviewCell.xib */ = {isa = PBXFileReference; lastKnownFileType = file.xib; path = MovieDetailOverviewCell.xib; sourceTree = "<group>"; };
		C8F5375925D39D2600677D40 /* MovieDetailOverviewCell.swift */ = {isa = PBXFileReference; lastKnownFileType = sourcecode.swift; path = MovieDetailOverviewCell.swift; sourceTree = "<group>"; };
/* End PBXFileReference section */

/* Begin PBXFrameworksBuildPhase section */
		C8A7048225CEE0F500A7C99E /* Frameworks */ = {
			isa = PBXFrameworksBuildPhase;
			buildActionMask = 2147483647;
			files = (
			);
			runOnlyForDeploymentPostprocessing = 0;
		};
/* End PBXFrameworksBuildPhase section */

/* Begin PBXGroup section */
		C8A7047C25CEE0F500A7C99E = {
			isa = PBXGroup;
			children = (
				C8A7048725CEE0F500A7C99E /* Sinema */,
				C8A7048625CEE0F500A7C99E /* Products */,
			);
			sourceTree = "<group>";
		};
		C8A7048625CEE0F500A7C99E /* Products */ = {
			isa = PBXGroup;
			children = (
				C8A7048525CEE0F500A7C99E /* Sinema.app */,
			);
			name = Products;
			sourceTree = "<group>";
		};
		C8A7048725CEE0F500A7C99E /* Sinema */ = {
			isa = PBXGroup;
			children = (
				C8A704E325D00A6700A7C99E /* Models */,
				C8A704BF25CFD35200A7C99E /* Helpers */,
				C8A704BE25CFD33F00A7C99E /* Controllers */,
				C8A704CF25CFF94C00A7C99E /* Views */,
				C8A7048825CEE0F500A7C99E /* AppDelegate.swift */,
				C8A7048A25CEE0F500A7C99E /* SceneDelegate.swift */,
				C8F5374125D2D69800677D40 /* Main.storyboard */,
				C8A7049125CEE0F600A7C99E /* Assets.xcassets */,
				C8A7049325CEE0F600A7C99E /* LaunchScreen.storyboard */,
				C8A7049625CEE0F600A7C99E /* Info.plist */,
			);
			path = Sinema;
			sourceTree = "<group>";
		};
		C8A704BE25CFD33F00A7C99E /* Controllers */ = {
			isa = PBXGroup;
			children = (
				C8A7048C25CEE0F500A7C99E /* MovieFeedVC.swift */,
				C8A704C825CFD9DA00A7C99E /* MainNavigationController.swift */,
				C8A704CB25CFDD3700A7C99E /* BaseVC.swift */,
				C8F5372725D2A03D00677D40 /* MainTabBarController.swift */,
				C8F5372A25D2A55C00677D40 /* SearchVC.swift */,
				C8F5373D25D2D30D00677D40 /* MovieDetailVC.swift */,
			);
			path = Controllers;
			sourceTree = "<group>";
		};
		C8A704BF25CFD35200A7C99E /* Helpers */ = {
			isa = PBXGroup;
			children = (
				C8A704C025CFD35B00A7C99E /* Extensions.swift */,
				C8A704C525CFD6A100A7C99E /* SinemaAppManager.swift */,
				C8A704E025D0023400A7C99E /* RemoteDataManager.swift */,
			);
			path = Helpers;
			sourceTree = "<group>";
		};
		C8A704CF25CFF94C00A7C99E /* Views */ = {
			isa = PBXGroup;
			children = (
				C8F5374425D2EDC000677D40 /* MovieDetailRelated */,
				C8F5372E25D2B48D00677D40 /* SearchRelated */,
				C8F5372D25D2B47F00677D40 /* MoviesFeedRelated */,
			);
			path = Views;
			sourceTree = "<group>";
		};
		C8A704E325D00A6700A7C99E /* Models */ = {
			isa = PBXGroup;
			children = (
				C8A704E425D00A7300A7C99E /* Movie.swift */,
				C8A704E725D03ABF00A7C99E /* MovieTypes.swift */,
				C8F5375225D38C2500677D40 /* MovieDetail.swift */,
			);
			path = Models;
			sourceTree = "<group>";
		};
		C8F5372D25D2B47F00677D40 /* MoviesFeedRelated */ = {
			isa = PBXGroup;
			children = (
				C8A704D025CFF97600A7C99E /* MoviesCVCell.xib */,
				C8A704D725CFF9AC00A7C99E /* MoviesCVCell.swift */,
			);
			path = MoviesFeedRelated;
			sourceTree = "<group>";
		};
		C8F5372E25D2B48D00677D40 /* SearchRelated */ = {
			isa = PBXGroup;
			children = (
				C8F5372F25D2B4B500677D40 /* SearchCollectionViewCell.xib */,
				C8F5373625D2B4E300677D40 /* SearchCollectionViewCell.swift */,
			);
			path = SearchRelated;
			sourceTree = "<group>";
		};
		C8F5374425D2EDC000677D40 /* MovieDetailRelated */ = {
			isa = PBXGroup;
			children = (
				C8F5374525D2EDF000677D40 /* MovieDetailCVHeaderCell.xib */,
				C8F5374825D2EE0500677D40 /* MovieDetailCVHeaderCell.swift */,
				C8F5374B25D2EE1600677D40 /* MovieDetailContentCell.xib */,
				C8F5374E25D2EE2800677D40 /* MovieDetailContentCell.swift */,
				C8F5375625D39D1600677D40 /* MovieDetailOverviewCell.xib */,
				C8F5375925D39D2600677D40 /* MovieDetailOverviewCell.swift */,
			);
			path = MovieDetailRelated;
			sourceTree = "<group>";
		};
/* End PBXGroup section */

/* Begin PBXNativeTarget section */
		C8A7048425CEE0F500A7C99E /* Sinema */ = {
			isa = PBXNativeTarget;
			buildConfigurationList = C8A7049925CEE0F600A7C99E /* Build configuration list for PBXNativeTarget "Sinema" */;
			buildPhases = (
				C8A7048125CEE0F500A7C99E /* Sources */,
				C8A7048225CEE0F500A7C99E /* Frameworks */,
				C8A7048325CEE0F500A7C99E /* Resources */,
			);
			buildRules = (
			);
			dependencies = (
			);
			name = Sinema;
			productName = Sinema;
			productReference = C8A7048525CEE0F500A7C99E /* Sinema.app */;
			productType = "com.apple.product-type.application";
		};
/* End PBXNativeTarget section */

/* Begin PBXProject section */
		C8A7047D25CEE0F500A7C99E /* Project object */ = {
			isa = PBXProject;
			attributes = {
				LastSwiftUpdateCheck = 1240;
				LastUpgradeCheck = 1240;
				TargetAttributes = {
					C8A7048425CEE0F500A7C99E = {
						CreatedOnToolsVersion = 12.4;
					};
				};
			};
			buildConfigurationList = C8A7048025CEE0F500A7C99E /* Build configuration list for PBXProject "Sinema" */;
			compatibilityVersion = "Xcode 9.3";
			developmentRegion = en;
			hasScannedForEncodings = 0;
			knownRegions = (
				en,
				Base,
			);
			mainGroup = C8A7047C25CEE0F500A7C99E;
			productRefGroup = C8A7048625CEE0F500A7C99E /* Products */;
			projectDirPath = "";
			projectRoot = "";
			targets = (
				C8A7048425CEE0F500A7C99E /* Sinema */,
			);
		};
/* End PBXProject section */

/* Begin PBXResourcesBuildPhase section */
		C8A7048325CEE0F500A7C99E /* Resources */ = {
			isa = PBXResourcesBuildPhase;
			buildActionMask = 2147483647;
			files = (
				C8A7049525CEE0F600A7C99E /* LaunchScreen.storyboard in Resources */,
				C8F5374625D2EDF000677D40 /* MovieDetailCVHeaderCell.xib in Resources */,
				C8F5374225D2D69800677D40 /* Main.storyboard in Resources */,
				C8A704D125CFF97600A7C99E /* MoviesCVCell.xib in Resources */,
				C8F5374C25D2EE1600677D40 /* MovieDetailContentCell.xib in Resources */,
				C8F5373025D2B4B500677D40 /* SearchCollectionViewCell.xib in Resources */,
				C8F5375725D39D1600677D40 /* MovieDetailOverviewCell.xib in Resources */,
				C8A7049225CEE0F600A7C99E /* Assets.xcassets in Resources */,
			);
			runOnlyForDeploymentPostprocessing = 0;
		};
/* End PBXResourcesBuildPhase section */

/* Begin PBXSourcesBuildPhase section */
		C8A7048125CEE0F500A7C99E /* Sources */ = {
			isa = PBXSourcesBuildPhase;
			buildActionMask = 2147483647;
			files = (
				C8A704C925CFD9DA00A7C99E /* MainNavigationController.swift in Sources */,
				C8F5373E25D2D30D00677D40 /* MovieDetailVC.swift in Sources */,
				C8F5374925D2EE0500677D40 /* MovieDetailCVHeaderCell.swift in Sources */,
				C8F5375325D38C2500677D40 /* MovieDetail.swift in Sources */,
				C8A704D825CFF9AC00A7C99E /* MoviesCVCell.swift in Sources */,
				C8F5372825D2A03D00677D40 /* MainTabBarController.swift in Sources */,
				C8A704E825D03ABF00A7C99E /* MovieTypes.swift in Sources */,
				C8A704C625CFD6A100A7C99E /* SinemaAppManager.swift in Sources */,
				C8F5374F25D2EE2800677D40 /* MovieDetailContentCell.swift in Sources */,
				C8A704C125CFD35B00A7C99E /* Extensions.swift in Sources */,
				C8A704E525D00A7300A7C99E /* Movie.swift in Sources */,
				C8A7048D25CEE0F500A7C99E /* MovieFeedVC.swift in Sources */,
				C8A7048925CEE0F500A7C99E /* AppDelegate.swift in Sources */,
				C8A704E125D0023400A7C99E /* RemoteDataManager.swift in Sources */,
				C8F5372B25D2A55C00677D40 /* SearchVC.swift in Sources */,
				C8A704CC25CFDD3700A7C99E /* BaseVC.swift in Sources */,
				C8F5375A25D39D2600677D40 /* MovieDetailOverviewCell.swift in Sources */,
				C8F5373725D2B4E300677D40 /* SearchCollectionViewCell.swift in Sources */,
				C8A7048B25CEE0F500A7C99E /* SceneDelegate.swift in Sources */,
			);
			runOnlyForDeploymentPostprocessing = 0;
		};
/* End PBXSourcesBuildPhase section */

/* Begin PBXVariantGroup section */
		C8A7049325CEE0F600A7C99E /* LaunchScreen.storyboard */ = {
			isa = PBXVariantGroup;
			children = (
				C8A7049425CEE0F600A7C99E /* Base */,
			);
			name = LaunchScreen.storyboard;
			sourceTree = "<group>";
		};
/* End PBXVariantGroup section */

/* Begin XCBuildConfiguration section */
		C8A7049725CEE0F600A7C99E /* Debug */ = {
			isa = XCBuildConfiguration;
			buildSettings = {
				ALWAYS_SEARCH_USER_PATHS = NO;
				CLANG_ANALYZER_NONNULL = YES;
				CLANG_ANALYZER_NUMBER_OBJECT_CONVERSION = YES_AGGRESSIVE;
				CLANG_CXX_LANGUAGE_STANDARD = "gnu++14";
				CLANG_CXX_LIBRARY = "libc++";
				CLANG_ENABLE_MODULES = YES;
				CLANG_ENABLE_OBJC_ARC = YES;
				CLANG_ENABLE_OBJC_WEAK = YES;
				CLANG_WARN_BLOCK_CAPTURE_AUTORELEASING = YES;
				CLANG_WARN_BOOL_CONVERSION = YES;
				CLANG_WARN_COMMA = YES;
				CLANG_WARN_CONSTANT_CONVERSION = YES;
				CLANG_WARN_DEPRECATED_OBJC_IMPLEMENTATIONS = YES;
				CLANG_WARN_DIRECT_OBJC_ISA_USAGE = YES_ERROR;
				CLANG_WARN_DOCUMENTATION_COMMENTS = YES;
				CLANG_WARN_EMPTY_BODY = YES;
				CLANG_WARN_ENUM_CONVERSION = YES;
				CLANG_WARN_INFINITE_RECURSION = YES;
				CLANG_WARN_INT_CONVERSION = YES;
				CLANG_WARN_NON_LITERAL_NULL_CONVERSION = YES;
				CLANG_WARN_OBJC_IMPLICIT_RETAIN_SELF = YES;
				CLANG_WARN_OBJC_LITERAL_CONVERSION = YES;
				CLANG_WARN_OBJC_ROOT_CLASS = YES_ERROR;
				CLANG_WARN_QUOTED_INCLUDE_IN_FRAMEWORK_HEADER = YES;
				CLANG_WARN_RANGE_LOOP_ANALYSIS = YES;
				CLANG_WARN_STRICT_PROTOTYPES = YES;
				CLANG_WARN_SUSPICIOUS_MOVE = YES;
				CLANG_WARN_UNGUARDED_AVAILABILITY = YES_AGGRESSIVE;
				CLANG_WARN_UNREACHABLE_CODE = YES;
				CLANG_WARN__DUPLICATE_METHOD_MATCH = YES;
				COPY_PHASE_STRIP = NO;
				DEBUG_INFORMATION_FORMAT = dwarf;
				ENABLE_STRICT_OBJC_MSGSEND = YES;
				ENABLE_TESTABILITY = YES;
				GCC_C_LANGUAGE_STANDARD = gnu11;
				GCC_DYNAMIC_NO_PIC = NO;
				GCC_NO_COMMON_BLOCKS = YES;
				GCC_OPTIMIZATION_LEVEL = 0;
				GCC_PREPROCESSOR_DEFINITIONS = (
					"DEBUG=1",
					"$(inherited)",
				);
				GCC_WARN_64_TO_32_BIT_CONVERSION = YES;
				GCC_WARN_ABOUT_RETURN_TYPE = YES_ERROR;
				GCC_WARN_UNDECLARED_SELECTOR = YES;
				GCC_WARN_UNINITIALIZED_AUTOS = YES_AGGRESSIVE;
				GCC_WARN_UNUSED_FUNCTION = YES;
				GCC_WARN_UNUSED_VARIABLE = YES;
				IPHONEOS_DEPLOYMENT_TARGET = 14.4;
				MOVIE_DATABASE_API_KEY = eccf8c0c88a13dd449d9f030e03e98bb;
				MTL_ENABLE_DEBUG_INFO = INCLUDE_SOURCE;
				MTL_FAST_MATH = YES;
				ONLY_ACTIVE_ARCH = YES;
				SDKROOT = iphoneos;
				SWIFT_ACTIVE_COMPILATION_CONDITIONS = DEBUG;
				SWIFT_OPTIMIZATION_LEVEL = "-Onone";
			};
			name = Debug;
		};
		C8A7049825CEE0F600A7C99E /* Release */ = {
			isa = XCBuildConfiguration;
			buildSettings = {
				ALWAYS_SEARCH_USER_PATHS = NO;
				CLANG_ANALYZER_NONNULL = YES;
				CLANG_ANALYZER_NUMBER_OBJECT_CONVERSION = YES_AGGRESSIVE;
				CLANG_CXX_LANGUAGE_STANDARD = "gnu++14";
				CLANG_CXX_LIBRARY = "libc++";
				CLANG_ENABLE_MODULES = YES;
				CLANG_ENABLE_OBJC_ARC = YES;
				CLANG_ENABLE_OBJC_WEAK = YES;
				CLANG_WARN_BLOCK_CAPTURE_AUTORELEASING = YES;
				CLANG_WARN_BOOL_CONVERSION = YES;
				CLANG_WARN_COMMA = YES;
				CLANG_WARN_CONSTANT_CONVERSION = YES;
				CLANG_WARN_DEPRECATED_OBJC_IMPLEMENTATIONS = YES;
				CLANG_WARN_DIRECT_OBJC_ISA_USAGE = YES_ERROR;
				CLANG_WARN_DOCUMENTATION_COMMENTS = YES;
				CLANG_WARN_EMPTY_BODY = YES;
				CLANG_WARN_ENUM_CONVERSION = YES;
				CLANG_WARN_INFINITE_RECURSION = YES;
				CLANG_WARN_INT_CONVERSION = YES;
				CLANG_WARN_NON_LITERAL_NULL_CONVERSION = YES;
				CLANG_WARN_OBJC_IMPLICIT_RETAIN_SELF = YES;
				CLANG_WARN_OBJC_LITERAL_CONVERSION = YES;
				CLANG_WARN_OBJC_ROOT_CLASS = YES_ERROR;
				CLANG_WARN_QUOTED_INCLUDE_IN_FRAMEWORK_HEADER = YES;
				CLANG_WARN_RANGE_LOOP_ANALYSIS = YES;
				CLANG_WARN_STRICT_PROTOTYPES = YES;
				CLANG_WARN_SUSPICIOUS_MOVE = YES;
				CLANG_WARN_UNGUARDED_AVAILABILITY = YES_AGGRESSIVE;
				CLANG_WARN_UNREACHABLE_CODE = YES;
				CLANG_WARN__DUPLICATE_METHOD_MATCH = YES;
				COPY_PHASE_STRIP = NO;
				DEBUG_INFORMATION_FORMAT = "dwarf-with-dsym";
				ENABLE_NS_ASSERTIONS = NO;
				ENABLE_STRICT_OBJC_MSGSEND = YES;
				GCC_C_LANGUAGE_STANDARD = gnu11;
				GCC_NO_COMMON_BLOCKS = YES;
				GCC_WARN_64_TO_32_BIT_CONVERSION = YES;
				GCC_WARN_ABOUT_RETURN_TYPE = YES_ERROR;
				GCC_WARN_UNDECLARED_SELECTOR = YES;
				GCC_WARN_UNINITIALIZED_AUTOS = YES_AGGRESSIVE;
				GCC_WARN_UNUSED_FUNCTION = YES;
				GCC_WARN_UNUSED_VARIABLE = YES;
				IPHONEOS_DEPLOYMENT_TARGET = 14.4;
				MOVIE_DATABASE_API_KEY = eccf8c0c88a13dd449d9f030e03e98bb;
				MTL_ENABLE_DEBUG_INFO = NO;
				MTL_FAST_MATH = YES;
				SDKROOT = iphoneos;
				SWIFT_COMPILATION_MODE = wholemodule;
				SWIFT_OPTIMIZATION_LEVEL = "-O";
				VALIDATE_PRODUCT = YES;
			};
			name = Release;
		};
		C8A7049A25CEE0F600A7C99E /* Debug */ = {
			isa = XCBuildConfiguration;
			buildSettings = {
				ASSETCATALOG_COMPILER_APPICON_NAME = AppIcon;
				ASSETCATALOG_COMPILER_GLOBAL_ACCENT_COLOR_NAME = AccentColor;
				CODE_SIGN_STYLE = Automatic;
				DEVELOPMENT_TEAM = 9MGPABDKC6;
				INFOPLIST_FILE = Sinema/Info.plist;
				LD_RUNPATH_SEARCH_PATHS = (
					"$(inherited)",
					"@executable_path/Frameworks",
				);
				PRODUCT_BUNDLE_IDENTIFIER = com.jora.Sinema;
				PRODUCT_NAME = "$(TARGET_NAME)";
				SWIFT_VERSION = 5.0;
				TARGETED_DEVICE_FAMILY = "1,2";
			};
			name = Debug;
		};
		C8A7049B25CEE0F600A7C99E /* Release */ = {
			isa = XCBuildConfiguration;
			buildSettings = {
				ASSETCATALOG_COMPILER_APPICON_NAME = AppIcon;
				ASSETCATALOG_COMPILER_GLOBAL_ACCENT_COLOR_NAME = AccentColor;
				CODE_SIGN_STYLE = Automatic;
				DEVELOPMENT_TEAM = 9MGPABDKC6;
				INFOPLIST_FILE = Sinema/Info.plist;
				LD_RUNPATH_SEARCH_PATHS = (
					"$(inherited)",
					"@executable_path/Frameworks",
				);
				PRODUCT_BUNDLE_IDENTIFIER = com.jora.Sinema;
				PRODUCT_NAME = "$(TARGET_NAME)";
				SWIFT_VERSION = 5.0;
				TARGETED_DEVICE_FAMILY = "1,2";
			};
			name = Release;
		};
/* End XCBuildConfiguration section */

/* Begin XCConfigurationList section */
		C8A7048025CEE0F500A7C99E /* Build configuration list for PBXProject "Sinema" */ = {
			isa = XCConfigurationList;
			buildConfigurations = (
				C8A7049725CEE0F600A7C99E /* Debug */,
				C8A7049825CEE0F600A7C99E /* Release */,
			);
			defaultConfigurationIsVisible = 0;
			defaultConfigurationName = Release;
		};
		C8A7049925CEE0F600A7C99E /* Build configuration list for PBXNativeTarget "Sinema" */ = {
			isa = XCConfigurationList;
			buildConfigurations = (
				C8A7049A25CEE0F600A7C99E /* Debug */,
				C8A7049B25CEE0F600A7C99E /* Release */,
			);
			defaultConfigurationIsVisible = 0;
			defaultConfigurationName = Release;
		};
/* End XCConfigurationList section */
	};
	rootObject = C8A7047D25CEE0F500A7C99E /* Project object */;
}
